{
  "name": "contentful-rich-text-vue-renderer",
  "version": "1.0.0",
  "lockfileVersion": 1,
  "requires": true,
  "dependencies": {
    "@contentful/rich-text-types": {
      "version": "12.1.2",
      "resolved": "https://registry.npmjs.org/@contentful/rich-text-types/-/rich-text-types-12.1.2.tgz",
      "integrity": "sha512-AFLfDBKEj/6zYg4srg0165d3zyw5iprVjyW/Mll0C8IXT1VPadXIhkcA28N5BKYzOtykuJ2wOYNqvs1zAkNpUQ=="
    }
  }
}
